
Microsoft Visual Studio Solution File, Format Version 12.00
# Visual Studio Version 17
VisualStudioVersion = 17.13.35825.156
MinimumVisualStudioVersion = 10.0.40219.1
Project("{FAE04EC0-301F-11D3-BF4B-00C04F79EFBC}") = "INTA_Api", "INTA_Api\INTA_Api.csproj", "{56B3A434-C0C7-4CD0-8546-792587F80A1A}"
EndProject
Project("{FAE04EC0-301F-11D3-BF4B-00C04F79EFBC}") = "Core", "Core\Core.csproj", "{A4625385-E248-4D22-ABF7-A2FBCAE482ED}"
EndProject
Global
	GlobalSection(SolutionConfigurationPlatforms) = preSolution
		Debug|Any CPU = Debug|Any CPU
		Release|Any CPU = Release|Any CPU
	EndGlobalSection
	GlobalSection(ProjectConfigurationPlatforms) = postSolution
		{56B3A434-C0C7-4CD0-8546-792587F80A1A}.Debug|Any CPU.ActiveCfg = Debug|Any CPU
		{56B3A434-C0C7-4CD0-8546-792587F80A1A}.Debug|Any CPU.Build.0 = Debug|Any CPU
		{56B3A434-C0C7-4CD0-8546-792587F80A1A}.Release|Any CPU.ActiveCfg = Release|Any CPU
		{56B3A434-C0C7-4CD0-8546-792587F80A1A}.Release|Any CPU.Build.0 = Release|Any CPU
		{A4625385-E248-4D22-ABF7-A2FBCAE482ED}.Debug|Any CPU.ActiveCfg = Debug|Any CPU
		{A4625385-E248-4D22-ABF7-A2FBCAE482ED}.Debug|Any CPU.Build.0 = Debug|Any CPU
		{A4625385-E248-4D22-ABF7-A2FBCAE482ED}.Release|Any CPU.ActiveCfg = Release|Any CPU
		{A4625385-E248-4D22-ABF7-A2FBCAE482ED}.Release|Any CPU.Build.0 = Release|Any CPU
	EndGlobalSection
	GlobalSection(SolutionProperties) = preSolution
		HideSolutionNode = FALSE
	EndGlobalSection
	GlobalSection(ExtensibilityGlobals) = postSolution
		SolutionGuid = {6C3F36E6-BC7B-4FA4-82AB-9CA1FCE52A38}
	EndGlobalSection
EndGlobal
